// !$*UTF8*$!
{
	archiveVersion = 1;
	classes = {
	};
	objectVersion = 46;
	objects = {

/* Begin PBXBuildFile section */
		C97B71001DC05DD80098F8AE /* Factory.cpp in Sources */ = {isa = PBXBuildFile; fileRef = C97B70FC1DC05DD80098F8AE /* Factory.cpp */; };
		C97B71081DC294850098F8AE /* main.cpp in Sources */ = {isa = PBXBuildFile; fileRef = C97B71051DC294850098F8AE /* main.cpp */; };
/* End PBXBuildFile section */

/* Begin PBXCopyFilesBuildPhase section */
		C97B70EC1DC025240098F8AE /* CopyFiles */ = {
			isa = PBXCopyFilesBuildPhase;
			buildActionMask = 2147483647;
			dstPath = /usr/share/man/man1/;
			dstSubfolderSpec = 0;
			files = (
			);
			runOnlyForDeploymentPostprocessing = 1;
		};
/* End PBXCopyFilesBuildPhase section */

/* Begin PBXFileReference section */
		C97B70EE1DC025240098F8AE /* Midterm */ = {isa = PBXFileReference; explicitFileType = "compiled.mach-o.executable"; includeInIndex = 0; path = Midterm; sourceTree = BUILT_PRODUCTS_DIR; };
		C97B70FC1DC05DD80098F8AE /* Factory.cpp */ = {isa = PBXFileReference; fileEncoding = 4; lastKnownFileType = sourcecode.cpp.cpp; name = Factory.cpp; path = To_Studentsmid/Red_Rover_Fall_2015/Factory.cpp; sourceTree = SOURCE_ROOT; };
		C97B70FD1DC05DD80098F8AE /* Factory.h */ = {isa = PBXFileReference; fileEncoding = 4; lastKnownFileType = sourcecode.c.h; name = Factory.h; path = To_Studentsmid/Red_Rover_Fall_2015/Factory.h; sourceTree = SOURCE_ROOT; };
		C97B70FE1DC05DD80098F8AE /* PlayerInterface.h */ = {isa = PBXFileReference; fileEncoding = 4; lastKnownFileType = sourcecode.c.h; name = PlayerInterface.h; path = To_Studentsmid/Red_Rover_Fall_2015/PlayerInterface.h; sourceTree = SOURCE_ROOT; };
		C97B70FF1DC05DD80098F8AE /* RedRoverInterface.h */ = {isa = PBXFileReference; fileEncoding = 4; lastKnownFileType = sourcecode.c.h; name = RedRoverInterface.h; path = To_Studentsmid/Red_Rover_Fall_2015/RedRoverInterface.h; sourceTree = SOURCE_ROOT; };
		C97B71041DC27DDF0098F8AE /* LinkedList.h */ = {isa = PBXFileReference; fileEncoding = 4; lastKnownFileType = sourcecode.c.h; name = LinkedList.h; path = ../To_Studentsmid/Red_Rover_Fall_2015/LinkedList.h; sourceTree = "<group>"; };
		C97B71051DC294850098F8AE /* main.cpp */ = {isa = PBXFileReference; fileEncoding = 4; lastKnownFileType = sourcecode.cpp.cpp; name = main.cpp; path = ../To_Studentsmid/Red_Rover_Fall_2015/main.cpp; sourceTree = "<group>"; };
		C97B71061DC294850098F8AE /* Player.h */ = {isa = PBXFileReference; fileEncoding = 4; lastKnownFileType = sourcecode.c.h; name = Player.h; path = ../To_Studentsmid/Red_Rover_Fall_2015/Player.h; sourceTree = "<group>"; };
		C97B71071DC294850098F8AE /* Redrover.h */ = {isa = PBXFileReference; fileEncoding = 4; lastKnownFileType = sourcecode.c.h; name = Redrover.h; path = ../To_Studentsmid/Red_Rover_Fall_2015/Redrover.h; sourceTree = "<group>"; };
/* End PBXFileReference section */

/* Begin PBXFrameworksBuildPhase section */
		C97B70EB1DC025240098F8AE /* Frameworks */ = {
			isa = PBXFrameworksBuildPhase;
			buildActionMask = 2147483647;
			files = (
			);
			runOnlyForDeploymentPostprocessing = 0;
		};
/* End PBXFrameworksBuildPhase section */

/* Begin PBXGroup section */
		C97B70E51DC025240098F8AE = {
			isa = PBXGroup;
			children = (
				C97B70F01DC025240098F8AE /* Midterm */,
				C97B70EF1DC025240098F8AE /* Products */,
			);
			sourceTree = "<group>";
		};
		C97B70EF1DC025240098F8AE /* Products */ = {
			isa = PBXGroup;
			children = (
				C97B70EE1DC025240098F8AE /* Midterm */,
			);
			name = Products;
			sourceTree = "<group>";
		};
		C97B70F01DC025240098F8AE /* Midterm */ = {
			isa = PBXGroup;
			children = (
				C97B71041DC27DDF0098F8AE /* LinkedList.h */,
				C97B71071DC294850098F8AE /* Redrover.h */,
				C97B71051DC294850098F8AE /* main.cpp */,
				C97B71061DC294850098F8AE /* Player.h */,
				C97B70FD1DC05DD80098F8AE /* Factory.h */,
				C97B70FC1DC05DD80098F8AE /* Factory.cpp */,
				C97B70FE1DC05DD80098F8AE /* PlayerInterface.h */,
				C97B70FF1DC05DD80098F8AE /* RedRoverInterface.h */,
			);
			path = Midterm;
			sourceTree = "<group>";
		};
/* End PBXGroup section */

/* Begin PBXNativeTarget section */
		C97B70ED1DC025240098F8AE /* Midterm */ = {
			isa = PBXNativeTarget;
			buildConfigurationList = C97B70F51DC025240098F8AE /* Build configuration list for PBXNativeTarget "Midterm" */;
			buildPhases = (
				C97B70EA1DC025240098F8AE /* Sources */,
				C97B70EB1DC025240098F8AE /* Frameworks */,
				C97B70EC1DC025240098F8AE /* CopyFiles */,
			);
			buildRules = (
			);
			dependencies = (
			);
			name = Midterm;
			productName = Midterm;
			productReference = C97B70EE1DC025240098F8AE /* Midterm */;
			productType = "com.apple.product-type.tool";
		};
/* End PBXNativeTarget section */

/* Begin PBXProject section */
		C97B70E61DC025240098F8AE /* Project object */ = {
			isa = PBXProject;
			attributes = {
				LastUpgradeCheck = 0800;
				ORGANIZATIONNAME = "Brandon Derbidge";
				TargetAttributes = {
					C97B70ED1DC025240098F8AE = {
						CreatedOnToolsVersion = 8.0;
						ProvisioningStyle = Automatic;
					};
				};
			};
			buildConfigurationList = C97B70E91DC025240098F8AE /* Build configuration list for PBXProject "Midterm" */;
			compatibilityVersion = "Xcode 3.2";
			developmentRegion = English;
			hasScannedForEncodings = 0;
			knownRegions = (
				en,
			);
			mainGroup = C97B70E51DC025240098F8AE;
			productRefGroup = C97B70EF1DC025240098F8AE /* Products */;
			projectDirPath = "";
			projectRoot = "";
			targets = (
				C97B70ED1DC025240098F8AE /* Midterm */,
			);
		};
/* End PBXProject section */

/* Begin PBXSourcesBuildPhase section */
		C97B70EA1DC025240098F8AE /* Sources */ = {
			isa = PBXSourcesBuildPhase;
			buildActionMask = 2147483647;
			files = (
				C97B71081DC294850098F8AE /* main.cpp in Sources */,
				C97B71001DC05DD80098F8AE /* Factory.cpp in Sources */,
			);
			runOnlyForDeploymentPostprocessing = 0;
		};
/* End PBXSourcesBuildPhase section */

/* Begin XCBuildConfiguration section */
		C97B70F31DC025240098F8AE /* Debug */ = {
			isa = XCBuildConfiguration;
			buildSettings = {
				ALWAYS_SEARCH_USER_PATHS = NO;
				CLANG_ANALYZER_NONNULL = YES;
				CLANG_CXX_LANGUAGE_STANDARD = "gnu++0x";
				CLANG_CXX_LIBRARY = "libc++";
				CLANG_ENABLE_MODULES = YES;
				CLANG_ENABLE_OBJC_ARC = YES;
				CLANG_WARN_BOOL_CONVERSION = YES;
				CLANG_WARN_CONSTANT_CONVERSION = YES;
				CLANG_WARN_DIRECT_OBJC_ISA_USAGE = YES_ERROR;
				CLANG_WARN_DOCUMENTATION_COMMENTS = YES;
				CLANG_WARN_EMPTY_BODY = YES;
				CLANG_WARN_ENUM_CONVERSION = YES;
				CLANG_WARN_INFINITE_RECURSION = YES;
				CLANG_WARN_INT_CONVERSION = YES;
				CLANG_WARN_OBJC_ROOT_CLASS = YES_ERROR;
				CLANG_WARN_SUSPICIOUS_MOVES = YES;
				CLANG_WARN_UNREACHABLE_CODE = YES;
				CLANG_WARN__DUPLICATE_METHOD_MATCH = YES;
				CODE_SIGN_IDENTITY = "-";
				COPY_PHASE_STRIP = NO;
				DEBUG_INFORMATION_FORMAT = dwarf;
				ENABLE_STRICT_OBJC_MSGSEND = YES;
				ENABLE_TESTABILITY = YES;
				GCC_C_LANGUAGE_STANDARD = gnu99;
				GCC_DYNAMIC_NO_PIC = NO;
				GCC_NO_COMMON_BLOCKS = YES;
				GCC_OPTIMIZATION_LEVEL = 0;
				GCC_PREPROCESSOR_DEFINITIONS = (
					"DEBUG=1",
					"$(inherited)",
				);
				GCC_WARN_64_TO_32_BIT_CONVERSION = YES;
				GCC_WARN_ABOUT_RETURN_TYPE = YES_ERROR;
				GCC_WARN_UNDECLARED_SELECTOR = YES;
				GCC_WARN_UNINITIALIZED_AUTOS = YES_AGGRESSIVE;
				GCC_WARN_UNUSED_FUNCTION = YES;
				GCC_WARN_UNUSED_VARIABLE = YES;
				MACOSX_DEPLOYMENT_TARGET = 10.12;
				MTL_ENABLE_DEBUG_INFO = YES;
				ONLY_ACTIVE_ARCH = YES;
				SDKROOT = macosx;
			};
			name = Debug;
		};
		C97B70F41DC025240098F8AE /* Release */ = {
			isa = XCBuildConfiguration;
			buildSettings = {
				ALWAYS_SEARCH_USER_PATHS = NO;
				CLANG_ANALYZER_NONNULL = YES;
				CLANG_CXX_LANGUAGE_STANDARD = "gnu++0x";
				CLANG_CXX_LIBRARY = "libc++";
				CLANG_ENABLE_MODULES = YES;
				CLANG_ENABLE_OBJC_ARC = YES;
				CLANG_WARN_BOOL_CONVERSION = YES;
				CLANG_WARN_CONSTANT_CONVERSION = YES;
				CLANG_WARN_DIRECT_OBJC_ISA_USAGE = YES_ERROR;
				CLANG_WARN_DOCUMENTATION_COMMENTS = YES;
				CLANG_WARN_EMPTY_BODY = YES;
				CLANG_WARN_ENUM_CONVERSION = YES;
				CLANG_WARN_INFINITE_RECURSION = YES;
				CLANG_WARN_INT_CONVERSION = YES;
				CLANG_WARN_OBJC_ROOT_CLASS = YES_ERROR;
				CLANG_WARN_SUSPICIOUS_MOVES = YES;
				CLANG_WARN_UNREACHABLE_CODE = YES;
				CLANG_WARN__DUPLICATE_METHOD_MATCH = YES;
				CODE_SIGN_IDENTITY = "-";
				COPY_PHASE_STRIP = NO;
				DEBUG_INFORMATION_FORMAT = "dwarf-with-dsym";
				ENABLE_NS_ASSERTIONS = NO;
				ENABLE_STRICT_OBJC_MSGSEND = YES;
				GCC_C_LANGUAGE_STANDARD = gnu99;
				GCC_NO_COMMON_BLOCKS = YES;
				GCC_WARN_64_TO_32_BIT_CONVERSION = YES;
				GCC_WARN_ABOUT_RETURN_TYPE = YES_ERROR;
				GCC_WARN_UNDECLARED_SELECTOR = YES;
				GCC_WARN_UNINITIALIZED_AUTOS = YES_AGGRESSIVE;
				GCC_WARN_UNUSED_FUNCTION = YES;
				GCC_WARN_UNUSED_VARIABLE = YES;
				MACOSX_DEPLOYMENT_TARGET = 10.12;
				MTL_ENABLE_DEBUG_INFO = NO;
				SDKROOT = macosx;
			};
			name = Release;
		};
		C97B70F61DC025240098F8AE /* Debug */ = {
			isa = XCBuildConfiguration;
			buildSettings = {
				PRODUCT_NAME = "$(TARGET_NAME)";
			};
			name = Debug;
		};
		C97B70F71DC025240098F8AE /* Release */ = {
			isa = XCBuildConfiguration;
			buildSettings = {
				PRODUCT_NAME = "$(TARGET_NAME)";
			};
			name = Release;
		};
/* End XCBuildConfiguration section */

/* Begin XCConfigurationList section */
		C97B70E91DC025240098F8AE /* Build configuration list for PBXProject "Midterm" */ = {
			isa = XCConfigurationList;
			buildConfigurations = (
				C97B70F31DC025240098F8AE /* Debug */,
				C97B70F41DC025240098F8AE /* Release */,
			);
			defaultConfigurationIsVisible = 0;
			defaultConfigurationName = Release;
		};
		C97B70F51DC025240098F8AE /* Build configuration list for PBXNativeTarget "Midterm" */ = {
			isa = XCConfigurationList;
			buildConfigurations = (
				C97B70F61DC025240098F8AE /* Debug */,
				C97B70F71DC025240098F8AE /* Release */,
			);
			defaultConfigurationIsVisible = 0;
			defaultConfigurationName = Release;
		};
/* End XCConfigurationList section */
	};
	rootObject = C97B70E61DC025240098F8AE /* Project object */;
}
