// !$*UTF8*$!
{
	archiveVersion = 1;
	classes = {
	};
	objectVersion = 46;
	objects = {

/* Begin PBXBuildFile section */
		C9FD8E2A1DE6510400FBA729 /* main.cpp in Sources */ = {isa = PBXBuildFile; fileRef = C9FD8E291DE6510400FBA729 /* main.cpp */; };
		C9FD8E341DE6513C00FBA729 /* Factory.cpp in Sources */ = {isa = PBXBuildFile; fileRef = C9FD8E311DE6513C00FBA729 /* Factory.cpp */; };
		C9FD8E371DEA520900FBA729 /* QS.cpp in Sources */ = {isa = PBXBuildFile; fileRef = C9FD8E351DEA520900FBA729 /* QS.cpp */; };
/* End PBXBuildFile section */

/* Begin PBXCopyFilesBuildPhase section */
		C9FD8E241DE6510400FBA729 /* CopyFiles */ = {
			isa = PBXCopyFilesBuildPhase;
			buildActionMask = 2147483647;
			dstPath = /usr/share/man/man1/;
			dstSubfolderSpec = 0;
			files = (
			);
			runOnlyForDeploymentPostprocessing = 1;
		};
/* End PBXCopyFilesBuildPhase section */

/* Begin PBXFileReference section */
		C9FD8E261DE6510400FBA729 /* Quicksort */ = {isa = PBXFileReference; explicitFileType = "compiled.mach-o.executable"; includeInIndex = 0; path = Quicksort; sourceTree = BUILT_PRODUCTS_DIR; };
		C9FD8E291DE6510400FBA729 /* main.cpp */ = {isa = PBXFileReference; lastKnownFileType = sourcecode.cpp.cpp; path = main.cpp; sourceTree = "<group>"; };
		C9FD8E311DE6513C00FBA729 /* Factory.cpp */ = {isa = PBXFileReference; fileEncoding = 4; lastKnownFileType = sourcecode.cpp.cpp; name = Factory.cpp; path = ../To_Students_Lab8/Student_Code/Factory.cpp; sourceTree = "<group>"; };
		C9FD8E321DE6513C00FBA729 /* Factory.h */ = {isa = PBXFileReference; fileEncoding = 4; lastKnownFileType = sourcecode.c.h; name = Factory.h; path = ../To_Students_Lab8/Student_Code/Factory.h; sourceTree = "<group>"; };
		C9FD8E331DE6513C00FBA729 /* QSInterface.h */ = {isa = PBXFileReference; fileEncoding = 4; lastKnownFileType = sourcecode.c.h; name = QSInterface.h; path = ../To_Students_Lab8/Student_Code/QSInterface.h; sourceTree = "<group>"; };
		C9FD8E351DEA520900FBA729 /* QS.cpp */ = {isa = PBXFileReference; fileEncoding = 4; lastKnownFileType = sourcecode.cpp.cpp; name = QS.cpp; path = To_Students_Lab8/Student_Code/QS.cpp; sourceTree = SOURCE_ROOT; };
		C9FD8E361DEA520900FBA729 /* QS.h */ = {isa = PBXFileReference; fileEncoding = 4; lastKnownFileType = sourcecode.c.h; name = QS.h; path = To_Students_Lab8/Student_Code/QS.h; sourceTree = SOURCE_ROOT; };
/* End PBXFileReference section */

/* Begin PBXFrameworksBuildPhase section */
		C9FD8E231DE6510400FBA729 /* Frameworks */ = {
			isa = PBXFrameworksBuildPhase;
			buildActionMask = 2147483647;
			files = (
			);
			runOnlyForDeploymentPostprocessing = 0;
		};
/* End PBXFrameworksBuildPhase section */

/* Begin PBXGroup section */
		C9FD8E1D1DE6510400FBA729 = {
			isa = PBXGroup;
			children = (
				C9FD8E281DE6510400FBA729 /* Quicksort */,
				C9FD8E271DE6510400FBA729 /* Products */,
			);
			sourceTree = "<group>";
		};
		C9FD8E271DE6510400FBA729 /* Products */ = {
			isa = PBXGroup;
			children = (
				C9FD8E261DE6510400FBA729 /* Quicksort */,
			);
			name = Products;
			sourceTree = "<group>";
		};
		C9FD8E281DE6510400FBA729 /* Quicksort */ = {
			isa = PBXGroup;
			children = (
				C9FD8E311DE6513C00FBA729 /* Factory.cpp */,
				C9FD8E321DE6513C00FBA729 /* Factory.h */,
				C9FD8E331DE6513C00FBA729 /* QSInterface.h */,
				C9FD8E361DEA520900FBA729 /* QS.h */,
				C9FD8E351DEA520900FBA729 /* QS.cpp */,
				C9FD8E291DE6510400FBA729 /* main.cpp */,
			);
			path = Quicksort;
			sourceTree = "<group>";
		};
/* End PBXGroup section */

/* Begin PBXNativeTarget section */
		C9FD8E251DE6510400FBA729 /* Quicksort */ = {
			isa = PBXNativeTarget;
			buildConfigurationList = C9FD8E2D1DE6510400FBA729 /* Build configuration list for PBXNativeTarget "Quicksort" */;
			buildPhases = (
				C9FD8E221DE6510400FBA729 /* Sources */,
				C9FD8E231DE6510400FBA729 /* Frameworks */,
				C9FD8E241DE6510400FBA729 /* CopyFiles */,
			);
			buildRules = (
			);
			dependencies = (
			);
			name = Quicksort;
			productName = Quicksort;
			productReference = C9FD8E261DE6510400FBA729 /* Quicksort */;
			productType = "com.apple.product-type.tool";
		};
/* End PBXNativeTarget section */

/* Begin PBXProject section */
		C9FD8E1E1DE6510400FBA729 /* Project object */ = {
			isa = PBXProject;
			attributes = {
				LastUpgradeCheck = 0810;
				ORGANIZATIONNAME = "Brandon Derbidge";
				TargetAttributes = {
					C9FD8E251DE6510400FBA729 = {
						CreatedOnToolsVersion = 8.1;
						ProvisioningStyle = Automatic;
					};
				};
			};
			buildConfigurationList = C9FD8E211DE6510400FBA729 /* Build configuration list for PBXProject "Quicksort" */;
			compatibilityVersion = "Xcode 3.2";
			developmentRegion = English;
			hasScannedForEncodings = 0;
			knownRegions = (
				en,
			);
			mainGroup = C9FD8E1D1DE6510400FBA729;
			productRefGroup = C9FD8E271DE6510400FBA729 /* Products */;
			projectDirPath = "";
			projectRoot = "";
			targets = (
				C9FD8E251DE6510400FBA729 /* Quicksort */,
			);
		};
/* End PBXProject section */

/* Begin PBXSourcesBuildPhase section */
		C9FD8E221DE6510400FBA729 /* Sources */ = {
			isa = PBXSourcesBuildPhase;
			buildActionMask = 2147483647;
			files = (
				C9FD8E341DE6513C00FBA729 /* Factory.cpp in Sources */,
				C9FD8E2A1DE6510400FBA729 /* main.cpp in Sources */,
				C9FD8E371DEA520900FBA729 /* QS.cpp in Sources */,
			);
			runOnlyForDeploymentPostprocessing = 0;
		};
/* End PBXSourcesBuildPhase section */

/* Begin XCBuildConfiguration section */
		C9FD8E2B1DE6510400FBA729 /* Debug */ = {
			isa = XCBuildConfiguration;
			buildSettings = {
				ALWAYS_SEARCH_USER_PATHS = NO;
				CLANG_ANALYZER_NONNULL = YES;
				CLANG_CXX_LANGUAGE_STANDARD = "gnu++0x";
				CLANG_CXX_LIBRARY = "libc++";
				CLANG_ENABLE_MODULES = YES;
				CLANG_ENABLE_OBJC_ARC = YES;
				CLANG_WARN_BOOL_CONVERSION = YES;
				CLANG_WARN_CONSTANT_CONVERSION = YES;
				CLANG_WARN_DIRECT_OBJC_ISA_USAGE = YES_ERROR;
				CLANG_WARN_DOCUMENTATION_COMMENTS = YES;
				CLANG_WARN_EMPTY_BODY = YES;
				CLANG_WARN_ENUM_CONVERSION = YES;
				CLANG_WARN_INFINITE_RECURSION = YES;
				CLANG_WARN_INT_CONVERSION = YES;
				CLANG_WARN_OBJC_ROOT_CLASS = YES_ERROR;
				CLANG_WARN_SUSPICIOUS_MOVES = YES;
				CLANG_WARN_UNREACHABLE_CODE = YES;
				CLANG_WARN__DUPLICATE_METHOD_MATCH = YES;
				CODE_SIGN_IDENTITY = "-";
				COPY_PHASE_STRIP = NO;
				DEBUG_INFORMATION_FORMAT = dwarf;
				ENABLE_STRICT_OBJC_MSGSEND = YES;
				ENABLE_TESTABILITY = YES;
				GCC_C_LANGUAGE_STANDARD = gnu99;
				GCC_DYNAMIC_NO_PIC = NO;
				GCC_NO_COMMON_BLOCKS = YES;
				GCC_OPTIMIZATION_LEVEL = 0;
				GCC_PREPROCESSOR_DEFINITIONS = (
					"DEBUG=1",
					"$(inherited)",
				);
				GCC_WARN_64_TO_32_BIT_CONVERSION = YES;
				GCC_WARN_ABOUT_RETURN_TYPE = YES_ERROR;
				GCC_WARN_UNDECLARED_SELECTOR = YES;
				GCC_WARN_UNINITIALIZED_AUTOS = YES_AGGRESSIVE;
				GCC_WARN_UNUSED_FUNCTION = YES;
				GCC_WARN_UNUSED_VARIABLE = YES;
				MACOSX_DEPLOYMENT_TARGET = 10.12;
				MTL_ENABLE_DEBUG_INFO = YES;
				ONLY_ACTIVE_ARCH = YES;
				SDKROOT = macosx;
			};
			name = Debug;
		};
		C9FD8E2C1DE6510400FBA729 /* Release */ = {
			isa = XCBuildConfiguration;
			buildSettings = {
				ALWAYS_SEARCH_USER_PATHS = NO;
				CLANG_ANALYZER_NONNULL = YES;
				CLANG_CXX_LANGUAGE_STANDARD = "gnu++0x";
				CLANG_CXX_LIBRARY = "libc++";
				CLANG_ENABLE_MODULES = YES;
				CLANG_ENABLE_OBJC_ARC = YES;
				CLANG_WARN_BOOL_CONVERSION = YES;
				CLANG_WARN_CONSTANT_CONVERSION = YES;
				CLANG_WARN_DIRECT_OBJC_ISA_USAGE = YES_ERROR;
				CLANG_WARN_DOCUMENTATION_COMMENTS = YES;
				CLANG_WARN_EMPTY_BODY = YES;
				CLANG_WARN_ENUM_CONVERSION = YES;
				CLANG_WARN_INFINITE_RECURSION = YES;
				CLANG_WARN_INT_CONVERSION = YES;
				CLANG_WARN_OBJC_ROOT_CLASS = YES_ERROR;
				CLANG_WARN_SUSPICIOUS_MOVES = YES;
				CLANG_WARN_UNREACHABLE_CODE = YES;
				CLANG_WARN__DUPLICATE_METHOD_MATCH = YES;
				CODE_SIGN_IDENTITY = "-";
				COPY_PHASE_STRIP = NO;
				DEBUG_INFORMATION_FORMAT = "dwarf-with-dsym";
				ENABLE_NS_ASSERTIONS = NO;
				ENABLE_STRICT_OBJC_MSGSEND = YES;
				GCC_C_LANGUAGE_STANDARD = gnu99;
				GCC_NO_COMMON_BLOCKS = YES;
				GCC_WARN_64_TO_32_BIT_CONVERSION = YES;
				GCC_WARN_ABOUT_RETURN_TYPE = YES_ERROR;
				GCC_WARN_UNDECLARED_SELECTOR = YES;
				GCC_WARN_UNINITIALIZED_AUTOS = YES_AGGRESSIVE;
				GCC_WARN_UNUSED_FUNCTION = YES;
				GCC_WARN_UNUSED_VARIABLE = YES;
				MACOSX_DEPLOYMENT_TARGET = 10.12;
				MTL_ENABLE_DEBUG_INFO = NO;
				SDKROOT = macosx;
			};
			name = Release;
		};
		C9FD8E2E1DE6510400FBA729 /* Debug */ = {
			isa = XCBuildConfiguration;
			buildSettings = {
				PRODUCT_NAME = "$(TARGET_NAME)";
			};
			name = Debug;
		};
		C9FD8E2F1DE6510400FBA729 /* Release */ = {
			isa = XCBuildConfiguration;
			buildSettings = {
				PRODUCT_NAME = "$(TARGET_NAME)";
			};
			name = Release;
		};
/* End XCBuildConfiguration section */

/* Begin XCConfigurationList section */
		C9FD8E211DE6510400FBA729 /* Build configuration list for PBXProject "Quicksort" */ = {
			isa = XCConfigurationList;
			buildConfigurations = (
				C9FD8E2B1DE6510400FBA729 /* Debug */,
				C9FD8E2C1DE6510400FBA729 /* Release */,
			);
			defaultConfigurationIsVisible = 0;
			defaultConfigurationName = Release;
		};
		C9FD8E2D1DE6510400FBA729 /* Build configuration list for PBXNativeTarget "Quicksort" */ = {
			isa = XCConfigurationList;
			buildConfigurations = (
				C9FD8E2E1DE6510400FBA729 /* Debug */,
				C9FD8E2F1DE6510400FBA729 /* Release */,
			);
			defaultConfigurationIsVisible = 0;
			defaultConfigurationName = Release;
		};
/* End XCConfigurationList section */
	};
	rootObject = C9FD8E1E1DE6510400FBA729 /* Project object */;
}
